
Microsoft Visual Studio Solution File, Format Version 12.00
# Visual Studio Version 17
VisualStudioVersion = 17.10.34916.146
MinimumVisualStudioVersion = 10.0.40219.1
Project("{9A19103F-16F7-4668-BE54-9A1E7A4F7556}") = "Client", "Client\Client.csproj", "{C0B8C732-7539-49B3-931F-709AEE70E3D0}"
EndProject
Project("{9A19103F-16F7-4668-BE54-9A1E7A4F7556}") = "RoomManagementModel", "Room\RoomManagementModel.csproj", "{1E1D96BF-F08A-4FE1-A13E-773D98088676}"
EndProject
Project("{9A19103F-16F7-4668-BE54-9A1E7A4F7556}") = "RoomManagementData", "RoomManagementData\RoomManagementData.csproj", "{73EC2D69-510D-4BC0-B4B1-2D6672768182}"
EndProject
Project("{9A19103F-16F7-4668-BE54-9A1E7A4F7556}") = "RoomManagementBusiness", "RoomManagementBusiness\RoomManagementBusiness.csproj", "{46173921-C0F4-4BEC-90A2-89A0040EB53E}"
EndProject
Project("{FAE04EC0-301F-11D3-BF4B-00C04F79EFBC}") = "RoomManagementAPI", "RoomManagementAPI\RoomManagementAPI.csproj", "{831B427A-04B0-4266-B736-85552F39C335}"
EndProject
Global
	GlobalSection(SolutionConfigurationPlatforms) = preSolution
		Debug|Any CPU = Debug|Any CPU
		Release|Any CPU = Release|Any CPU
	EndGlobalSection
	GlobalSection(ProjectConfigurationPlatforms) = postSolution
		{C0B8C732-7539-49B3-931F-709AEE70E3D0}.Debug|Any CPU.ActiveCfg = Debug|Any CPU
		{C0B8C732-7539-49B3-931F-709AEE70E3D0}.Debug|Any CPU.Build.0 = Debug|Any CPU
		{C0B8C732-7539-49B3-931F-709AEE70E3D0}.Release|Any CPU.ActiveCfg = Release|Any CPU
		{C0B8C732-7539-49B3-931F-709AEE70E3D0}.Release|Any CPU.Build.0 = Release|Any CPU
		{1E1D96BF-F08A-4FE1-A13E-773D98088676}.Debug|Any CPU.ActiveCfg = Debug|Any CPU
		{1E1D96BF-F08A-4FE1-A13E-773D98088676}.Debug|Any CPU.Build.0 = Debug|Any CPU
		{1E1D96BF-F08A-4FE1-A13E-773D98088676}.Release|Any CPU.ActiveCfg = Release|Any CPU
		{1E1D96BF-F08A-4FE1-A13E-773D98088676}.Release|Any CPU.Build.0 = Release|Any CPU
		{73EC2D69-510D-4BC0-B4B1-2D6672768182}.Debug|Any CPU.ActiveCfg = Debug|Any CPU
		{73EC2D69-510D-4BC0-B4B1-2D6672768182}.Debug|Any CPU.Build.0 = Debug|Any CPU
		{73EC2D69-510D-4BC0-B4B1-2D6672768182}.Release|Any CPU.ActiveCfg = Release|Any CPU
		{73EC2D69-510D-4BC0-B4B1-2D6672768182}.Release|Any CPU.Build.0 = Release|Any CPU
		{46173921-C0F4-4BEC-90A2-89A0040EB53E}.Debug|Any CPU.ActiveCfg = Debug|Any CPU
		{46173921-C0F4-4BEC-90A2-89A0040EB53E}.Debug|Any CPU.Build.0 = Debug|Any CPU
		{46173921-C0F4-4BEC-90A2-89A0040EB53E}.Release|Any CPU.ActiveCfg = Release|Any CPU
		{46173921-C0F4-4BEC-90A2-89A0040EB53E}.Release|Any CPU.Build.0 = Release|Any CPU
		{831B427A-04B0-4266-B736-85552F39C335}.Debug|Any CPU.ActiveCfg = Debug|Any CPU
		{831B427A-04B0-4266-B736-85552F39C335}.Debug|Any CPU.Build.0 = Debug|Any CPU
		{831B427A-04B0-4266-B736-85552F39C335}.Release|Any CPU.ActiveCfg = Release|Any CPU
		{831B427A-04B0-4266-B736-85552F39C335}.Release|Any CPU.Build.0 = Release|Any CPU
	EndGlobalSection
	GlobalSection(SolutionProperties) = preSolution
		HideSolutionNode = FALSE
	EndGlobalSection
	GlobalSection(ExtensibilityGlobals) = postSolution
		SolutionGuid = {7410C2A2-2FD4-4088-914C-4B254B389CEC}
	EndGlobalSection
EndGlobal
